// !$*UTF8*$!
{
	archiveVersion = 1;
	classes = {
	};
	objectVersion = 77;
	objects = {

/* Begin PBXContainerItemProxy section */
		A021BF9F2E3A566700F74347 /* PBXContainerItemProxy */ = {
			isa = PBXContainerItemProxy;
			containerPortal = A021BF892E3A566500F74347 /* Project object */;
			proxyType = 1;
			remoteGlobalIDString = A021BF902E3A566500F74347;
			remoteInfo = "Rock, Paper and Scissor";
		};
		A021BFA92E3A566700F74347 /* PBXContainerItemProxy */ = {
			isa = PBXContainerItemProxy;
			containerPortal = A021BF892E3A566500F74347 /* Project object */;
			proxyType = 1;
			remoteGlobalIDString = A021BF902E3A566500F74347;
			remoteInfo = "Rock, Paper and Scissor";
		};
/* End PBXContainerItemProxy section */

/* Begin PBXFileReference section */
		A021BF912E3A566600F74347 /* Rock, Paper and Scissor.app */ = {isa = PBXFileReference; explicitFileType = wrapper.application; includeInIndex = 0; path = "Rock, Paper and Scissor.app"; sourceTree = BUILT_PRODUCTS_DIR; };
		A021BF9E2E3A566700F74347 /* Rock, Paper and ScissorTests.xctest */ = {isa = PBXFileReference; explicitFileType = wrapper.cfbundle; includeInIndex = 0; path = "Rock, Paper and ScissorTests.xctest"; sourceTree = BUILT_PRODUCTS_DIR; };
		A021BFA82E3A566700F74347 /* Rock, Paper and ScissorUITests.xctest */ = {isa = PBXFileReference; explicitFileType = wrapper.cfbundle; includeInIndex = 0; path = "Rock, Paper and ScissorUITests.xctest"; sourceTree = BUILT_PRODUCTS_DIR; };
/* End PBXFileReference section */

/* Begin PBXFileSystemSynchronizedRootGroup section */
		A021BF932E3A566600F74347 /* Rock, Paper and Scissor */ = {
			isa = PBXFileSystemSynchronizedRootGroup;
			path = "Rock, Paper and Scissor";
			sourceTree = "<group>";
		};
		A021BFA12E3A566700F74347 /* Rock, Paper and ScissorTests */ = {
			isa = PBXFileSystemSynchronizedRootGroup;
			path = "Rock, Paper and ScissorTests";
			sourceTree = "<group>";
		};
		A021BFAB2E3A566700F74347 /* Rock, Paper and ScissorUITests */ = {
			isa = PBXFileSystemSynchronizedRootGroup;
			path = "Rock, Paper and ScissorUITests";
			sourceTree = "<group>";
		};
/* End PBXFileSystemSynchronizedRootGroup section */

/* Begin PBXFrameworksBuildPhase section */
		A021BF8E2E3A566500F74347 /* Frameworks */ = {
			isa = PBXFrameworksBuildPhase;
			buildActionMask = 2147483647;
			files = (
			);
			runOnlyForDeploymentPostprocessing = 0;
		};
		A021BF9B2E3A566700F74347 /* Frameworks */ = {
			isa = PBXFrameworksBuildPhase;
			buildActionMask = 2147483647;
			files = (
			);
			runOnlyForDeploymentPostprocessing = 0;
		};
		A021BFA52E3A566700F74347 /* Frameworks */ = {
			isa = PBXFrameworksBuildPhase;
			buildActionMask = 2147483647;
			files = (
			);
			runOnlyForDeploymentPostprocessing = 0;
		};
/* End PBXFrameworksBuildPhase section */

/* Begin PBXGroup section */
		A021BF882E3A566500F74347 = {
			isa = PBXGroup;
			children = (
				A021BF932E3A566600F74347 /* Rock, Paper and Scissor */,
				A021BFA12E3A566700F74347 /* Rock, Paper and ScissorTests */,
				A021BFAB2E3A566700F74347 /* Rock, Paper and ScissorUITests */,
				A021BF922E3A566600F74347 /* Products */,
			);
			sourceTree = "<group>";
		};
		A021BF922E3A566600F74347 /* Products */ = {
			isa = PBXGroup;
			children = (
				A021BF912E3A566600F74347 /* Rock, Paper and Scissor.app */,
				A021BF9E2E3A566700F74347 /* Rock, Paper and ScissorTests.xctest */,
				A021BFA82E3A566700F74347 /* Rock, Paper and ScissorUITests.xctest */,
			);
			name = Products;
			sourceTree = "<group>";
		};
/* End PBXGroup section */

/* Begin PBXNativeTarget section */
		A021BF902E3A566500F74347 /* Rock, Paper and Scissor */ = {
			isa = PBXNativeTarget;
			buildConfigurationList = A021BFB22E3A566700F74347 /* Build configuration list for PBXNativeTarget "Rock, Paper and Scissor" */;
			buildPhases = (
				A021BF8D2E3A566500F74347 /* Sources */,
				A021BF8E2E3A566500F74347 /* Frameworks */,
				A021BF8F2E3A566500F74347 /* Resources */,
			);
			buildRules = (
			);
			dependencies = (
			);
			fileSystemSynchronizedGroups = (
				A021BF932E3A566600F74347 /* Rock, Paper and Scissor */,
			);
			name = "Rock, Paper and Scissor";
			packageProductDependencies = (
			);
			productName = "Rock, Paper and Scissor";
			productReference = A021BF912E3A566600F74347 /* Rock, Paper and Scissor.app */;
			productType = "com.apple.product-type.application";
		};
		A021BF9D2E3A566700F74347 /* Rock, Paper and ScissorTests */ = {
			isa = PBXNativeTarget;
			buildConfigurationList = A021BFB52E3A566700F74347 /* Build configuration list for PBXNativeTarget "Rock, Paper and ScissorTests" */;
			buildPhases = (
				A021BF9A2E3A566700F74347 /* Sources */,
				A021BF9B2E3A566700F74347 /* Frameworks */,
				A021BF9C2E3A566700F74347 /* Resources */,
			);
			buildRules = (
			);
			dependencies = (
				A021BFA02E3A566700F74347 /* PBXTargetDependency */,
			);
			fileSystemSynchronizedGroups = (
				A021BFA12E3A566700F74347 /* Rock, Paper and ScissorTests */,
			);
			name = "Rock, Paper and ScissorTests";
			packageProductDependencies = (
			);
			productName = "Rock, Paper and ScissorTests";
			productReference = A021BF9E2E3A566700F74347 /* Rock, Paper and ScissorTests.xctest */;
			productType = "com.apple.product-type.bundle.unit-test";
		};
		A021BFA72E3A566700F74347 /* Rock, Paper and ScissorUITests */ = {
			isa = PBXNativeTarget;
			buildConfigurationList = A021BFB82E3A566700F74347 /* Build configuration list for PBXNativeTarget "Rock, Paper and ScissorUITests" */;
			buildPhases = (
				A021BFA42E3A566700F74347 /* Sources */,
				A021BFA52E3A566700F74347 /* Frameworks */,
				A021BFA62E3A566700F74347 /* Resources */,
			);
			buildRules = (
			);
			dependencies = (
				A021BFAA2E3A566700F74347 /* PBXTargetDependency */,
			);
			fileSystemSynchronizedGroups = (
				A021BFAB2E3A566700F74347 /* Rock, Paper and ScissorUITests */,
			);
			name = "Rock, Paper and ScissorUITests";
			packageProductDependencies = (
			);
			productName = "Rock, Paper and ScissorUITests";
			productReference = A021BFA82E3A566700F74347 /* Rock, Paper and ScissorUITests.xctest */;
			productType = "com.apple.product-type.bundle.ui-testing";
		};
/* End PBXNativeTarget section */

/* Begin PBXProject section */
		A021BF892E3A566500F74347 /* Project object */ = {
			isa = PBXProject;
			attributes = {
				BuildIndependentTargetsInParallel = 1;
				LastSwiftUpdateCheck = 1640;
				LastUpgradeCheck = 1640;
				TargetAttributes = {
					A021BF902E3A566500F74347 = {
						CreatedOnToolsVersion = 16.4;
					};
					A021BF9D2E3A566700F74347 = {
						CreatedOnToolsVersion = 16.4;
						TestTargetID = A021BF902E3A566500F74347;
					};
					A021BFA72E3A566700F74347 = {
						CreatedOnToolsVersion = 16.4;
						TestTargetID = A021BF902E3A566500F74347;
					};
				};
			};
			buildConfigurationList = A021BF8C2E3A566500F74347 /* Build configuration list for PBXProject "Rock, Paper and Scissor" */;
			developmentRegion = en;
			hasScannedForEncodings = 0;
			knownRegions = (
				en,
				Base,
			);
			mainGroup = A021BF882E3A566500F74347;
			minimizedProjectReferenceProxies = 1;
			preferredProjectObjectVersion = 77;
			productRefGroup = A021BF922E3A566600F74347 /* Products */;
			projectDirPath = "";
			projectRoot = "";
			targets = (
				A021BF902E3A566500F74347 /* Rock, Paper and Scissor */,
				A021BF9D2E3A566700F74347 /* Rock, Paper and ScissorTests */,
				A021BFA72E3A566700F74347 /* Rock, Paper and ScissorUITests */,
			);
		};
/* End PBXProject section */

/* Begin PBXResourcesBuildPhase section */
		A021BF8F2E3A566500F74347 /* Resources */ = {
			isa = PBXResourcesBuildPhase;
			buildActionMask = 2147483647;
			files = (
			);
			runOnlyForDeploymentPostprocessing = 0;
		};
		A021BF9C2E3A566700F74347 /* Resources */ = {
			isa = PBXResourcesBuildPhase;
			buildActionMask = 2147483647;
			files = (
			);
			runOnlyForDeploymentPostprocessing = 0;
		};
		A021BFA62E3A566700F74347 /* Resources */ = {
			isa = PBXResourcesBuildPhase;
			buildActionMask = 2147483647;
			files = (
			);
			runOnlyForDeploymentPostprocessing = 0;
		};
/* End PBXResourcesBuildPhase section */

/* Begin PBXSourcesBuildPhase section */
		A021BF8D2E3A566500F74347 /* Sources */ = {
			isa = PBXSourcesBuildPhase;
			buildActionMask = 2147483647;
			files = (
			);
			runOnlyForDeploymentPostprocessing = 0;
		};
		A021BF9A2E3A566700F74347 /* Sources */ = {
			isa = PBXSourcesBuildPhase;
			buildActionMask = 2147483647;
			files = (
			);
			runOnlyForDeploymentPostprocessing = 0;
		};
		A021BFA42E3A566700F74347 /* Sources */ = {
			isa = PBXSourcesBuildPhase;
			buildActionMask = 2147483647;
			files = (
			);
			runOnlyForDeploymentPostprocessing = 0;
		};
/* End PBXSourcesBuildPhase section */

/* Begin PBXTargetDependency section */
		A021BFA02E3A566700F74347 /* PBXTargetDependency */ = {
			isa = PBXTargetDependency;
			target = A021BF902E3A566500F74347 /* Rock, Paper and Scissor */;
			targetProxy = A021BF9F2E3A566700F74347 /* PBXContainerItemProxy */;
		};
		A021BFAA2E3A566700F74347 /* PBXTargetDependency */ = {
			isa = PBXTargetDependency;
			target = A021BF902E3A566500F74347 /* Rock, Paper and Scissor */;
			targetProxy = A021BFA92E3A566700F74347 /* PBXContainerItemProxy */;
		};
/* End PBXTargetDependency section */

/* Begin XCBuildConfiguration section */
		A021BFB02E3A566700F74347 /* Debug */ = {
			isa = XCBuildConfiguration;
			buildSettings = {
				ALWAYS_SEARCH_USER_PATHS = NO;
				ASSETCATALOG_COMPILER_GENERATE_SWIFT_ASSET_SYMBOL_EXTENSIONS = YES;
				CLANG_ANALYZER_NONNULL = YES;
				CLANG_ANALYZER_NUMBER_OBJECT_CONVERSION = YES_AGGRESSIVE;
				CLANG_CXX_LANGUAGE_STANDARD = "gnu++20";
				CLANG_ENABLE_MODULES = YES;
				CLANG_ENABLE_OBJC_ARC = YES;
				CLANG_ENABLE_OBJC_WEAK = YES;
				CLANG_WARN_BLOCK_CAPTURE_AUTORELEASING = YES;
				CLANG_WARN_BOOL_CONVERSION = YES;
				CLANG_WARN_COMMA = YES;
				CLANG_WARN_CONSTANT_CONVERSION = YES;
				CLANG_WARN_DEPRECATED_OBJC_IMPLEMENTATIONS = YES;
				CLANG_WARN_DIRECT_OBJC_ISA_USAGE = YES_ERROR;
				CLANG_WARN_DOCUMENTATION_COMMENTS = YES;
				CLANG_WARN_EMPTY_BODY = YES;
				CLANG_WARN_ENUM_CONVERSION = YES;
				CLANG_WARN_INFINITE_RECURSION = YES;
				CLANG_WARN_INT_CONVERSION = YES;
				CLANG_WARN_NON_LITERAL_NULL_CONVERSION = YES;
				CLANG_WARN_OBJC_IMPLICIT_RETAIN_SELF = YES;
				CLANG_WARN_OBJC_LITERAL_CONVERSION = YES;
				CLANG_WARN_OBJC_ROOT_CLASS = YES_ERROR;
				CLANG_WARN_QUOTED_INCLUDE_IN_FRAMEWORK_HEADER = YES;
				CLANG_WARN_RANGE_LOOP_ANALYSIS = YES;
				CLANG_WARN_STRICT_PROTOTYPES = YES;
				CLANG_WARN_SUSPICIOUS_MOVE = YES;
				CLANG_WARN_UNGUARDED_AVAILABILITY = YES_AGGRESSIVE;
				CLANG_WARN_UNREACHABLE_CODE = YES;
				CLANG_WARN__DUPLICATE_METHOD_MATCH = YES;
				COPY_PHASE_STRIP = NO;
				DEBUG_INFORMATION_FORMAT = dwarf;
				ENABLE_STRICT_OBJC_MSGSEND = YES;
				ENABLE_TESTABILITY = YES;
				ENABLE_USER_SCRIPT_SANDBOXING = YES;
				GCC_C_LANGUAGE_STANDARD = gnu17;
				GCC_DYNAMIC_NO_PIC = NO;
				GCC_NO_COMMON_BLOCKS = YES;
				GCC_OPTIMIZATION_LEVEL = 0;
				GCC_PREPROCESSOR_DEFINITIONS = (
					"DEBUG=1",
					"$(inherited)",
				);
				GCC_WARN_64_TO_32_BIT_CONVERSION = YES;
				GCC_WARN_ABOUT_RETURN_TYPE = YES_ERROR;
				GCC_WARN_UNDECLARED_SELECTOR = YES;
				GCC_WARN_UNINITIALIZED_AUTOS = YES_AGGRESSIVE;
				GCC_WARN_UNUSED_FUNCTION = YES;
				GCC_WARN_UNUSED_VARIABLE = YES;
				IPHONEOS_DEPLOYMENT_TARGET = 18.5;
				LOCALIZATION_PREFERS_STRING_CATALOGS = YES;
				MTL_ENABLE_DEBUG_INFO = INCLUDE_SOURCE;
				MTL_FAST_MATH = YES;
				ONLY_ACTIVE_ARCH = YES;
				SDKROOT = iphoneos;
				SWIFT_ACTIVE_COMPILATION_CONDITIONS = "DEBUG $(inherited)";
				SWIFT_OPTIMIZATION_LEVEL = "-Onone";
			};
			name = Debug;
		};
		A021BFB12E3A566700F74347 /* Release */ = {
			isa = XCBuildConfiguration;
			buildSettings = {
				ALWAYS_SEARCH_USER_PATHS = NO;
				ASSETCATALOG_COMPILER_GENERATE_SWIFT_ASSET_SYMBOL_EXTENSIONS = YES;
				CLANG_ANALYZER_NONNULL = YES;
				CLANG_ANALYZER_NUMBER_OBJECT_CONVERSION = YES_AGGRESSIVE;
				CLANG_CXX_LANGUAGE_STANDARD = "gnu++20";
				CLANG_ENABLE_MODULES = YES;
				CLANG_ENABLE_OBJC_ARC = YES;
				CLANG_ENABLE_OBJC_WEAK = YES;
				CLANG_WARN_BLOCK_CAPTURE_AUTORELEASING = YES;
				CLANG_WARN_BOOL_CONVERSION = YES;
				CLANG_WARN_COMMA = YES;
				CLANG_WARN_CONSTANT_CONVERSION = YES;
				CLANG_WARN_DEPRECATED_OBJC_IMPLEMENTATIONS = YES;
				CLANG_WARN_DIRECT_OBJC_ISA_USAGE = YES_ERROR;
				CLANG_WARN_DOCUMENTATION_COMMENTS = YES;
				CLANG_WARN_EMPTY_BODY = YES;
				CLANG_WARN_ENUM_CONVERSION = YES;
				CLANG_WARN_INFINITE_RECURSION = YES;
				CLANG_WARN_INT_CONVERSION = YES;
				CLANG_WARN_NON_LITERAL_NULL_CONVERSION = YES;
				CLANG_WARN_OBJC_IMPLICIT_RETAIN_SELF = YES;
				CLANG_WARN_OBJC_LITERAL_CONVERSION = YES;
				CLANG_WARN_OBJC_ROOT_CLASS = YES_ERROR;
				CLANG_WARN_QUOTED_INCLUDE_IN_FRAMEWORK_HEADER = YES;
				CLANG_WARN_RANGE_LOOP_ANALYSIS = YES;
				CLANG_WARN_STRICT_PROTOTYPES = YES;
				CLANG_WARN_SUSPICIOUS_MOVE = YES;
				CLANG_WARN_UNGUARDED_AVAILABILITY = YES_AGGRESSIVE;
				CLANG_WARN_UNREACHABLE_CODE = YES;
				CLANG_WARN__DUPLICATE_METHOD_MATCH = YES;
				COPY_PHASE_STRIP = NO;
				DEBUG_INFORMATION_FORMAT = "dwarf-with-dsym";
				ENABLE_NS_ASSERTIONS = NO;
				ENABLE_STRICT_OBJC_MSGSEND = YES;
				ENABLE_USER_SCRIPT_SANDBOXING = YES;
				GCC_C_LANGUAGE_STANDARD = gnu17;
				GCC_NO_COMMON_BLOCKS = YES;
				GCC_WARN_64_TO_32_BIT_CONVERSION = YES;
				GCC_WARN_ABOUT_RETURN_TYPE = YES_ERROR;
				GCC_WARN_UNDECLARED_SELECTOR = YES;
				GCC_WARN_UNINITIALIZED_AUTOS = YES_AGGRESSIVE;
				GCC_WARN_UNUSED_FUNCTION = YES;
				GCC_WARN_UNUSED_VARIABLE = YES;
				IPHONEOS_DEPLOYMENT_TARGET = 18.5;
				LOCALIZATION_PREFERS_STRING_CATALOGS = YES;
				MTL_ENABLE_DEBUG_INFO = NO;
				MTL_FAST_MATH = YES;
				SDKROOT = iphoneos;
				SWIFT_COMPILATION_MODE = wholemodule;
				VALIDATE_PRODUCT = YES;
			};
			name = Release;
		};
		A021BFB32E3A566700F74347 /* Debug */ = {
			isa = XCBuildConfiguration;
			buildSettings = {
				ASSETCATALOG_COMPILER_APPICON_NAME = AppIcon;
				ASSETCATALOG_COMPILER_GLOBAL_ACCENT_COLOR_NAME = AccentColor;
				CODE_SIGN_STYLE = Automatic;
				CURRENT_PROJECT_VERSION = 1;
				ENABLE_PREVIEWS = YES;
				GENERATE_INFOPLIST_FILE = YES;
				INFOPLIST_KEY_UIApplicationSceneManifest_Generation = YES;
				INFOPLIST_KEY_UIApplicationSupportsIndirectInputEvents = YES;
				INFOPLIST_KEY_UILaunchScreen_Generation = YES;
				INFOPLIST_KEY_UISupportedInterfaceOrientations_iPad = "UIInterfaceOrientationPortrait UIInterfaceOrientationPortraitUpsideDown UIInterfaceOrientationLandscapeLeft UIInterfaceOrientationLandscapeRight";
				INFOPLIST_KEY_UISupportedInterfaceOrientations_iPhone = "UIInterfaceOrientationPortrait UIInterfaceOrientationLandscapeLeft UIInterfaceOrientationLandscapeRight";
				LD_RUNPATH_SEARCH_PATHS = (
					"$(inherited)",
					"@executable_path/Frameworks",
				);
				MARKETING_VERSION = 1.0;
				PRODUCT_BUNDLE_IDENTIFIER = "com.sougatoroy3.Rock--Paper-and-Scissor";
				PRODUCT_NAME = "$(TARGET_NAME)";
				SWIFT_EMIT_LOC_STRINGS = YES;
				SWIFT_VERSION = 5.0;
				TARGETED_DEVICE_FAMILY = "1,2";
			};
			name = Debug;
		};
		A021BFB42E3A566700F74347 /* Release */ = {
			isa = XCBuildConfiguration;
			buildSettings = {
				ASSETCATALOG_COMPILER_APPICON_NAME = AppIcon;
				ASSETCATALOG_COMPILER_GLOBAL_ACCENT_COLOR_NAME = AccentColor;
				CODE_SIGN_STYLE = Automatic;
				CURRENT_PROJECT_VERSION = 1;
				ENABLE_PREVIEWS = YES;
				GENERATE_INFOPLIST_FILE = YES;
				INFOPLIST_KEY_UIApplicationSceneManifest_Generation = YES;
				INFOPLIST_KEY_UIApplicationSupportsIndirectInputEvents = YES;
				INFOPLIST_KEY_UILaunchScreen_Generation = YES;
				INFOPLIST_KEY_UISupportedInterfaceOrientations_iPad = "UIInterfaceOrientationPortrait UIInterfaceOrientationPortraitUpsideDown UIInterfaceOrientationLandscapeLeft UIInterfaceOrientationLandscapeRight";
				INFOPLIST_KEY_UISupportedInterfaceOrientations_iPhone = "UIInterfaceOrientationPortrait UIInterfaceOrientationLandscapeLeft UIInterfaceOrientationLandscapeRight";
				LD_RUNPATH_SEARCH_PATHS = (
					"$(inherited)",
					"@executable_path/Frameworks",
				);
				MARKETING_VERSION = 1.0;
				PRODUCT_BUNDLE_IDENTIFIER = "com.sougatoroy3.Rock--Paper-and-Scissor";
				PRODUCT_NAME = "$(TARGET_NAME)";
				SWIFT_EMIT_LOC_STRINGS = YES;
				SWIFT_VERSION = 5.0;
				TARGETED_DEVICE_FAMILY = "1,2";
			};
			name = Release;
		};
		A021BFB62E3A566700F74347 /* Debug */ = {
			isa = XCBuildConfiguration;
			buildSettings = {
				BUNDLE_LOADER = "$(TEST_HOST)";
				CODE_SIGN_STYLE = Automatic;
				CURRENT_PROJECT_VERSION = 1;
				GENERATE_INFOPLIST_FILE = YES;
				IPHONEOS_DEPLOYMENT_TARGET = 18.5;
				MARKETING_VERSION = 1.0;
				PRODUCT_BUNDLE_IDENTIFIER = "com.sougatoroy3.Rock--Paper-and-ScissorTests";
				PRODUCT_NAME = "$(TARGET_NAME)";
				SWIFT_EMIT_LOC_STRINGS = NO;
				SWIFT_VERSION = 5.0;
				TARGETED_DEVICE_FAMILY = "1,2";
				TEST_HOST = "$(BUILT_PRODUCTS_DIR)/Rock, Paper and Scissor.app/$(BUNDLE_EXECUTABLE_FOLDER_PATH)/Rock, Paper and Scissor";
			};
			name = Debug;
		};
		A021BFB72E3A566700F74347 /* Release */ = {
			isa = XCBuildConfiguration;
			buildSettings = {
				BUNDLE_LOADER = "$(TEST_HOST)";
				CODE_SIGN_STYLE = Automatic;
				CURRENT_PROJECT_VERSION = 1;
				GENERATE_INFOPLIST_FILE = YES;
				IPHONEOS_DEPLOYMENT_TARGET = 18.5;
				MARKETING_VERSION = 1.0;
				PRODUCT_BUNDLE_IDENTIFIER = "com.sougatoroy3.Rock--Paper-and-ScissorTests";
				PRODUCT_NAME = "$(TARGET_NAME)";
				SWIFT_EMIT_LOC_STRINGS = NO;
				SWIFT_VERSION = 5.0;
				TARGETED_DEVICE_FAMILY = "1,2";
				TEST_HOST = "$(BUILT_PRODUCTS_DIR)/Rock, Paper and Scissor.app/$(BUNDLE_EXECUTABLE_FOLDER_PATH)/Rock, Paper and Scissor";
			};
			name = Release;
		};
		A021BFB92E3A566700F74347 /* Debug */ = {
			isa = XCBuildConfiguration;
			buildSettings = {
				CODE_SIGN_STYLE = Automatic;
				CURRENT_PROJECT_VERSION = 1;
				GENERATE_INFOPLIST_FILE = YES;
				MARKETING_VERSION = 1.0;
				PRODUCT_BUNDLE_IDENTIFIER = "com.sougatoroy3.Rock--Paper-and-ScissorUITests";
				PRODUCT_NAME = "$(TARGET_NAME)";
				SWIFT_EMIT_LOC_STRINGS = NO;
				SWIFT_VERSION = 5.0;
				TARGETED_DEVICE_FAMILY = "1,2";
				TEST_TARGET_NAME = "Rock, Paper and Scissor";
			};
			name = Debug;
		};
		A021BFBA2E3A566700F74347 /* Release */ = {
			isa = XCBuildConfiguration;
			buildSettings = {
				CODE_SIGN_STYLE = Automatic;
				CURRENT_PROJECT_VERSION = 1;
				GENERATE_INFOPLIST_FILE = YES;
				MARKETING_VERSION = 1.0;
				PRODUCT_BUNDLE_IDENTIFIER = "com.sougatoroy3.Rock--Paper-and-ScissorUITests";
				PRODUCT_NAME = "$(TARGET_NAME)";
				SWIFT_EMIT_LOC_STRINGS = NO;
				SWIFT_VERSION = 5.0;
				TARGETED_DEVICE_FAMILY = "1,2";
				TEST_TARGET_NAME = "Rock, Paper and Scissor";
			};
			name = Release;
		};
/* End XCBuildConfiguration section */

/* Begin XCConfigurationList section */
		A021BF8C2E3A566500F74347 /* Build configuration list for PBXProject "Rock, Paper and Scissor" */ = {
			isa = XCConfigurationList;
			buildConfigurations = (
				A021BFB02E3A566700F74347 /* Debug */,
				A021BFB12E3A566700F74347 /* Release */,
			);
			defaultConfigurationIsVisible = 0;
			defaultConfigurationName = Release;
		};
		A021BFB22E3A566700F74347 /* Build configuration list for PBXNativeTarget "Rock, Paper and Scissor" */ = {
			isa = XCConfigurationList;
			buildConfigurations = (
				A021BFB32E3A566700F74347 /* Debug */,
				A021BFB42E3A566700F74347 /* Release */,
			);
			defaultConfigurationIsVisible = 0;
			defaultConfigurationName = Release;
		};
		A021BFB52E3A566700F74347 /* Build configuration list for PBXNativeTarget "Rock, Paper and ScissorTests" */ = {
			isa = XCConfigurationList;
			buildConfigurations = (
				A021BFB62E3A566700F74347 /* Debug */,
				A021BFB72E3A566700F74347 /* Release */,
			);
			defaultConfigurationIsVisible = 0;
			defaultConfigurationName = Release;
		};
		A021BFB82E3A566700F74347 /* Build configuration list for PBXNativeTarget "Rock, Paper and ScissorUITests" */ = {
			isa = XCConfigurationList;
			buildConfigurations = (
				A021BFB92E3A566700F74347 /* Debug */,
				A021BFBA2E3A566700F74347 /* Release */,
			);
			defaultConfigurationIsVisible = 0;
			defaultConfigurationName = Release;
		};
/* End XCConfigurationList section */
	};
	rootObject = A021BF892E3A566500F74347 /* Project object */;
}
